
Microsoft Visual Studio Solution File, Format Version 12.00
# Visual Studio Version 17
VisualStudioVersion = 17.14.36616.10 d17.14
MinimumVisualStudioVersion = 10.0.40219.1
Project("{FAE04EC0-301F-11D3-BF4B-00C04F79EFBC}") = "Ace Job Agency", "Ace Job Agency\Ace Job Agency.csproj", "{748B1C6D-ABBB-4855-B639-4E5D08326EE2}"
EndProject
Global
	GlobalSection(SolutionConfigurationPlatforms) = preSolution
		Debug|Any CPU = Debug|Any CPU
		Release|Any CPU = Release|Any CPU
	EndGlobalSection
	GlobalSection(ProjectConfigurationPlatforms) = postSolution
		{748B1C6D-ABBB-4855-B639-4E5D08326EE2}.Debug|Any CPU.ActiveCfg = Debug|Any CPU
		{748B1C6D-ABBB-4855-B639-4E5D08326EE2}.Debug|Any CPU.Build.0 = Debug|Any CPU
		{748B1C6D-ABBB-4855-B639-4E5D08326EE2}.Release|Any CPU.ActiveCfg = Release|Any CPU
		{748B1C6D-ABBB-4855-B639-4E5D08326EE2}.Release|Any CPU.Build.0 = Release|Any CPU
	EndGlobalSection
	GlobalSection(SolutionProperties) = preSolution
		HideSolutionNode = FALSE
	EndGlobalSection
	GlobalSection(ExtensibilityGlobals) = postSolution
		SolutionGuid = {8F2F4FE6-89F6-463F-A71C-BF245176DF9C}
	EndGlobalSection
EndGlobal
